// !$*UTF8*$!
{
	archiveVersion = 1;
	classes = {
	};
	objectVersion = 55;
	objects = {

/* Begin PBXBuildFile section */
		0D9966390C66EF1860549F8A /* Pods_movieBookingApp.framework in Frameworks */ = {isa = PBXBuildFile; fileRef = 7DB23AB0C46FF26C1A7347AD /* Pods_movieBookingApp.framework */; };
		6701C88F28072C93008847E6 /* RegisterWithEmailStruct.swift in Sources */ = {isa = PBXBuildFile; fileRef = 6701C88E28072C93008847E6 /* RegisterWithEmailStruct.swift */; };
		6702E21227C35FCF005AF1E9 /* AppDelegate.swift in Sources */ = {isa = PBXBuildFile; fileRef = 6702E21127C35FCF005AF1E9 /* AppDelegate.swift */; };
		6702E21427C35FCF005AF1E9 /* SceneDelegate.swift in Sources */ = {isa = PBXBuildFile; fileRef = 6702E21327C35FCF005AF1E9 /* SceneDelegate.swift */; };
		6702E21627C35FCF005AF1E9 /* ViewController.swift in Sources */ = {isa = PBXBuildFile; fileRef = 6702E21527C35FCF005AF1E9 /* ViewController.swift */; };
		6702E21927C35FCF005AF1E9 /* Main.storyboard in Resources */ = {isa = PBXBuildFile; fileRef = 6702E21727C35FCF005AF1E9 /* Main.storyboard */; };
		6702E21B27C35FD3005AF1E9 /* Assets.xcassets in Resources */ = {isa = PBXBuildFile; fileRef = 6702E21A27C35FD3005AF1E9 /* Assets.xcassets */; };
		6702E21E27C35FD3005AF1E9 /* LaunchScreen.storyboard in Resources */ = {isa = PBXBuildFile; fileRef = 6702E21C27C35FD3005AF1E9 /* LaunchScreen.storyboard */; };
		6702E23127C36896005AF1E9 /* LogInViewController.swift in Sources */ = {isa = PBXBuildFile; fileRef = 6702E23027C36896005AF1E9 /* LogInViewController.swift */; };
		6702E23427C36EAF005AF1E9 /* extensions.swift in Sources */ = {isa = PBXBuildFile; fileRef = 6702E23327C36EAF005AF1E9 /* extensions.swift */; };
		6702E23A27C3D5D5005AF1E9 /* MovieViewController.swift in Sources */ = {isa = PBXBuildFile; fileRef = 6702E23927C3D5D5005AF1E9 /* MovieViewController.swift */; };
		6702E23C27C3F270005AF1E9 /* PromoViewController.swift in Sources */ = {isa = PBXBuildFile; fileRef = 6702E23B27C3F270005AF1E9 /* PromoViewController.swift */; };
		6702E23F27C3F4E0005AF1E9 /* CastCollectionViewCell.swift in Sources */ = {isa = PBXBuildFile; fileRef = 6702E23D27C3F4E0005AF1E9 /* CastCollectionViewCell.swift */; };
		6702E24027C3F4E0005AF1E9 /* CastCollectionViewCell.xib in Resources */ = {isa = PBXBuildFile; fileRef = 6702E23E27C3F4E0005AF1E9 /* CastCollectionViewCell.xib */; };
		6702E24327C3FA4A005AF1E9 /* ComboTableViewCell.swift in Sources */ = {isa = PBXBuildFile; fileRef = 6702E24127C3FA4A005AF1E9 /* ComboTableViewCell.swift */; };
		6702E24427C3FA4A005AF1E9 /* ComboTableViewCell.xib in Resources */ = {isa = PBXBuildFile; fileRef = 6702E24227C3FA4A005AF1E9 /* ComboTableViewCell.xib */; };
		6702E24727C4050A005AF1E9 /* paymethodTableViewCell.swift in Sources */ = {isa = PBXBuildFile; fileRef = 6702E24527C40509005AF1E9 /* paymethodTableViewCell.swift */; };
		6702E24827C4050A005AF1E9 /* paymethodTableViewCell.xib in Resources */ = {isa = PBXBuildFile; fileRef = 6702E24627C4050A005AF1E9 /* paymethodTableViewCell.xib */; };
		6702E24B27C40AB6005AF1E9 /* enterPromoTableViewCell.swift in Sources */ = {isa = PBXBuildFile; fileRef = 6702E24927C40AB5005AF1E9 /* enterPromoTableViewCell.swift */; };
		6702E24C27C40AB6005AF1E9 /* enterPromoTableViewCell.xib in Resources */ = {isa = PBXBuildFile; fileRef = 6702E24A27C40AB5005AF1E9 /* enterPromoTableViewCell.xib */; };
		67079607280717B000555588 /* EndPoints.swift in Sources */ = {isa = PBXBuildFile; fileRef = 67079606280717B000555588 /* EndPoints.swift */; };
		670796092807180700555588 /* constants.swift in Sources */ = {isa = PBXBuildFile; fileRef = 670796082807180700555588 /* constants.swift */; };
		672025AD27C7E2D2002C417E /* CardCollectionViewCell.swift in Sources */ = {isa = PBXBuildFile; fileRef = 672025AB27C7E2D2002C417E /* CardCollectionViewCell.swift */; };
		672025AE27C7E2D2002C417E /* CardCollectionViewCell.xib in Resources */ = {isa = PBXBuildFile; fileRef = 672025AC27C7E2D2002C417E /* CardCollectionViewCell.xib */; };
		6727B65227CD2C5200EB5553 /* firstTableViewCell.swift in Sources */ = {isa = PBXBuildFile; fileRef = 6727B65027CD2C5200EB5553 /* firstTableViewCell.swift */; };
		6727B65327CD2C5200EB5553 /* firstTableViewCell.xib in Resources */ = {isa = PBXBuildFile; fileRef = 6727B65127CD2C5200EB5553 /* firstTableViewCell.xib */; };
		6741C07627C42C2500301F82 /* MainScreenViewController.swift in Sources */ = {isa = PBXBuildFile; fileRef = 6741C07527C42C2500301F82 /* MainScreenViewController.swift */; };
		67473BFA27C4BC3C00A1A93E /* secondTableViewCell.swift in Sources */ = {isa = PBXBuildFile; fileRef = 67473BF827C4BC3C00A1A93E /* secondTableViewCell.swift */; };
		67473BFB27C4BC3C00A1A93E /* secondTableViewCell.xib in Resources */ = {isa = PBXBuildFile; fileRef = 67473BF927C4BC3C00A1A93E /* secondTableViewCell.xib */; };
		67473BFE27C4C09B00A1A93E /* payBtnTableViewCell.swift in Sources */ = {isa = PBXBuildFile; fileRef = 67473BFC27C4C09B00A1A93E /* payBtnTableViewCell.swift */; };
		67473BFF27C4C09B00A1A93E /* payBtnTableViewCell.xib in Resources */ = {isa = PBXBuildFile; fileRef = 67473BFD27C4C09B00A1A93E /* payBtnTableViewCell.xib */; };
		67473C0127C4C42400A1A93E /* ChooseCardViewController.swift in Sources */ = {isa = PBXBuildFile; fileRef = 67473C0027C4C42300A1A93E /* ChooseCardViewController.swift */; };
		67473C0427C4C58100A1A93E /* PayButtonDelegate.swift in Sources */ = {isa = PBXBuildFile; fileRef = 67473C0327C4C58100A1A93E /* PayButtonDelegate.swift */; };
		67473C0627C4CA0900A1A93E /* TicketViewController.swift in Sources */ = {isa = PBXBuildFile; fileRef = 67473C0527C4CA0800A1A93E /* TicketViewController.swift */; };
		676FC37F27C60A5F0095D47C /* AddCardViewController.swift in Sources */ = {isa = PBXBuildFile; fileRef = 676FC37E27C60A5F0095D47C /* AddCardViewController.swift */; };
		67BBFE7D27C6750C008AC163 /* ChooseDateTimeViewController.swift in Sources */ = {isa = PBXBuildFile; fileRef = 67BBFE7C27C6750C008AC163 /* ChooseDateTimeViewController.swift */; };
		67BBFE8027C683F0008AC163 /* cvACollectionViewCell.swift in Sources */ = {isa = PBXBuildFile; fileRef = 67BBFE7E27C683F0008AC163 /* cvACollectionViewCell.swift */; };
		67BBFE8127C683F0008AC163 /* cvACollectionViewCell.xib in Resources */ = {isa = PBXBuildFile; fileRef = 67BBFE7F27C683F0008AC163 /* cvACollectionViewCell.xib */; };
		67BBFE8427C68403008AC163 /* cvBCDCollectionViewCell.swift in Sources */ = {isa = PBXBuildFile; fileRef = 67BBFE8227C68403008AC163 /* cvBCDCollectionViewCell.swift */; };
		67BBFE8527C68403008AC163 /* cvBCDCollectionViewCell.xib in Resources */ = {isa = PBXBuildFile; fileRef = 67BBFE8327C68403008AC163 /* cvBCDCollectionViewCell.xib */; };
		67BBFE8A27C69CDB008AC163 /* movieSliderCollectionViewCell.swift in Sources */ = {isa = PBXBuildFile; fileRef = 67BBFE8827C69CDB008AC163 /* movieSliderCollectionViewCell.swift */; };
		67BBFE8B27C69CDB008AC163 /* movieSliderCollectionViewCell.xib in Resources */ = {isa = PBXBuildFile; fileRef = 67BBFE8927C69CDB008AC163 /* movieSliderCollectionViewCell.xib */; };
		67CD29DF2807121700493FA4 /* LoginWithEmailStruct.swift in Sources */ = {isa = PBXBuildFile; fileRef = 67CD29DE2807121700493FA4 /* LoginWithEmailStruct.swift */; };
		67CD29E1280712C000493FA4 /* structHelpers.swift in Sources */ = {isa = PBXBuildFile; fileRef = 67CD29E0280712C000493FA4 /* structHelpers.swift */; };
		67CD29E42807130800493FA4 /* NetworkAgent.swift in Sources */ = {isa = PBXBuildFile; fileRef = 67CD29E32807130800493FA4 /* NetworkAgent.swift */; };
		67DE5BDC27C7699F00367849 /* seatVO.swift in Sources */ = {isa = PBXBuildFile; fileRef = 67DE5BDB27C7699F00367849 /* seatVO.swift */; };
		67DE5BDF27C76A6A00367849 /* SeatType.swift in Sources */ = {isa = PBXBuildFile; fileRef = 67DE5BDE27C76A6A00367849 /* SeatType.swift */; };
		67DE5BE227C7718200367849 /* dummySeatDataList.swift in Sources */ = {isa = PBXBuildFile; fileRef = 67DE5BE127C7718200367849 /* dummySeatDataList.swift */; };
		67DE5BE427C78EEC00367849 /* SeatViewController.swift in Sources */ = {isa = PBXBuildFile; fileRef = 67DE5BE327C78EEC00367849 /* SeatViewController.swift */; };
		67DE5BE727C79F4700367849 /* SeatCollectionViewCell.swift in Sources */ = {isa = PBXBuildFile; fileRef = 67DE5BE527C79F4700367849 /* SeatCollectionViewCell.swift */; };
		67DE5BE827C79F4700367849 /* SeatCollectionViewCell.xib in Resources */ = {isa = PBXBuildFile; fileRef = 67DE5BE627C79F4700367849 /* SeatCollectionViewCell.xib */; };
		67F4CA3428116B5A00E464FE /* CurrentShowingStruct.swift in Sources */ = {isa = PBXBuildFile; fileRef = 67F4CA3328116B5A00E464FE /* CurrentShowingStruct.swift */; };
		67FE7C0F27C8AED000A13524 /* RatingControl.swift in Sources */ = {isa = PBXBuildFile; fileRef = 67FE7C0E27C8AED000A13524 /* RatingControl.swift */; };
/* End PBXBuildFile section */

/* Begin PBXFileReference section */
		6701C88E28072C93008847E6 /* RegisterWithEmailStruct.swift */ = {isa = PBXFileReference; lastKnownFileType = sourcecode.swift; path = RegisterWithEmailStruct.swift; sourceTree = "<group>"; };
		6702E20E27C35FCF005AF1E9 /* movieBookingApp.app */ = {isa = PBXFileReference; explicitFileType = wrapper.application; includeInIndex = 0; path = movieBookingApp.app; sourceTree = BUILT_PRODUCTS_DIR; };
		6702E21127C35FCF005AF1E9 /* AppDelegate.swift */ = {isa = PBXFileReference; lastKnownFileType = sourcecode.swift; path = AppDelegate.swift; sourceTree = "<group>"; };
		6702E21327C35FCF005AF1E9 /* SceneDelegate.swift */ = {isa = PBXFileReference; lastKnownFileType = sourcecode.swift; path = SceneDelegate.swift; sourceTree = "<group>"; };
		6702E21527C35FCF005AF1E9 /* ViewController.swift */ = {isa = PBXFileReference; lastKnownFileType = sourcecode.swift; path = ViewController.swift; sourceTree = "<group>"; };
		6702E21827C35FCF005AF1E9 /* Base */ = {isa = PBXFileReference; lastKnownFileType = file.storyboard; name = Base; path = Base.lproj/Main.storyboard; sourceTree = "<group>"; };
		6702E21A27C35FD3005AF1E9 /* Assets.xcassets */ = {isa = PBXFileReference; lastKnownFileType = folder.assetcatalog; path = Assets.xcassets; sourceTree = "<group>"; };
		6702E21D27C35FD3005AF1E9 /* Base */ = {isa = PBXFileReference; lastKnownFileType = file.storyboard; name = Base; path = Base.lproj/LaunchScreen.storyboard; sourceTree = "<group>"; };
		6702E21F27C35FD3005AF1E9 /* Info.plist */ = {isa = PBXFileReference; lastKnownFileType = text.plist.xml; path = Info.plist; sourceTree = "<group>"; };
		6702E23027C36896005AF1E9 /* LogInViewController.swift */ = {isa = PBXFileReference; lastKnownFileType = sourcecode.swift; path = LogInViewController.swift; sourceTree = "<group>"; };
		6702E23327C36EAF005AF1E9 /* extensions.swift */ = {isa = PBXFileReference; lastKnownFileType = sourcecode.swift; path = extensions.swift; sourceTree = "<group>"; };
		6702E23927C3D5D5005AF1E9 /* MovieViewController.swift */ = {isa = PBXFileReference; lastKnownFileType = sourcecode.swift; path = MovieViewController.swift; sourceTree = "<group>"; };
		6702E23B27C3F270005AF1E9 /* PromoViewController.swift */ = {isa = PBXFileReference; lastKnownFileType = sourcecode.swift; path = PromoViewController.swift; sourceTree = "<group>"; };
		6702E23D27C3F4E0005AF1E9 /* CastCollectionViewCell.swift */ = {isa = PBXFileReference; lastKnownFileType = sourcecode.swift; path = CastCollectionViewCell.swift; sourceTree = "<group>"; };
		6702E23E27C3F4E0005AF1E9 /* CastCollectionViewCell.xib */ = {isa = PBXFileReference; lastKnownFileType = file.xib; path = CastCollectionViewCell.xib; sourceTree = "<group>"; };
		6702E24127C3FA4A005AF1E9 /* ComboTableViewCell.swift */ = {isa = PBXFileReference; lastKnownFileType = sourcecode.swift; path = ComboTableViewCell.swift; sourceTree = "<group>"; };
		6702E24227C3FA4A005AF1E9 /* ComboTableViewCell.xib */ = {isa = PBXFileReference; lastKnownFileType = file.xib; path = ComboTableViewCell.xib; sourceTree = "<group>"; };
		6702E24527C40509005AF1E9 /* paymethodTableViewCell.swift */ = {isa = PBXFileReference; lastKnownFileType = sourcecode.swift; path = paymethodTableViewCell.swift; sourceTree = "<group>"; };
		6702E24627C4050A005AF1E9 /* paymethodTableViewCell.xib */ = {isa = PBXFileReference; lastKnownFileType = file.xib; path = paymethodTableViewCell.xib; sourceTree = "<group>"; };
		6702E24927C40AB5005AF1E9 /* enterPromoTableViewCell.swift */ = {isa = PBXFileReference; lastKnownFileType = sourcecode.swift; path = enterPromoTableViewCell.swift; sourceTree = "<group>"; };
		6702E24A27C40AB5005AF1E9 /* enterPromoTableViewCell.xib */ = {isa = PBXFileReference; lastKnownFileType = file.xib; path = enterPromoTableViewCell.xib; sourceTree = "<group>"; };
		67079606280717B000555588 /* EndPoints.swift */ = {isa = PBXFileReference; lastKnownFileType = sourcecode.swift; path = EndPoints.swift; sourceTree = "<group>"; };
		670796082807180700555588 /* constants.swift */ = {isa = PBXFileReference; lastKnownFileType = sourcecode.swift; path = constants.swift; sourceTree = "<group>"; };
		672025AB27C7E2D2002C417E /* CardCollectionViewCell.swift */ = {isa = PBXFileReference; lastKnownFileType = sourcecode.swift; path = CardCollectionViewCell.swift; sourceTree = "<group>"; };
		672025AC27C7E2D2002C417E /* CardCollectionViewCell.xib */ = {isa = PBXFileReference; lastKnownFileType = file.xib; path = CardCollectionViewCell.xib; sourceTree = "<group>"; };
		6727B65027CD2C5200EB5553 /* firstTableViewCell.swift */ = {isa = PBXFileReference; lastKnownFileType = sourcecode.swift; path = firstTableViewCell.swift; sourceTree = "<group>"; };
		6727B65127CD2C5200EB5553 /* firstTableViewCell.xib */ = {isa = PBXFileReference; lastKnownFileType = file.xib; path = firstTableViewCell.xib; sourceTree = "<group>"; };
		6738D65109DE7AB415E8AE18 /* Pods-movieBookingApp.debug.xcconfig */ = {isa = PBXFileReference; includeInIndex = 1; lastKnownFileType = text.xcconfig; name = "Pods-movieBookingApp.debug.xcconfig"; path = "Target Support Files/Pods-movieBookingApp/Pods-movieBookingApp.debug.xcconfig"; sourceTree = "<group>"; };
		6741C07527C42C2500301F82 /* MainScreenViewController.swift */ = {isa = PBXFileReference; lastKnownFileType = sourcecode.swift; path = MainScreenViewController.swift; sourceTree = "<group>"; };
		67473BF827C4BC3C00A1A93E /* secondTableViewCell.swift */ = {isa = PBXFileReference; lastKnownFileType = sourcecode.swift; path = secondTableViewCell.swift; sourceTree = "<group>"; };
		67473BF927C4BC3C00A1A93E /* secondTableViewCell.xib */ = {isa = PBXFileReference; lastKnownFileType = file.xib; path = secondTableViewCell.xib; sourceTree = "<group>"; };
		67473BFC27C4C09B00A1A93E /* payBtnTableViewCell.swift */ = {isa = PBXFileReference; lastKnownFileType = sourcecode.swift; path = payBtnTableViewCell.swift; sourceTree = "<group>"; };
		67473BFD27C4C09B00A1A93E /* payBtnTableViewCell.xib */ = {isa = PBXFileReference; lastKnownFileType = file.xib; path = payBtnTableViewCell.xib; sourceTree = "<group>"; };
		67473C0027C4C42300A1A93E /* ChooseCardViewController.swift */ = {isa = PBXFileReference; lastKnownFileType = sourcecode.swift; path = ChooseCardViewController.swift; sourceTree = "<group>"; };
		67473C0327C4C58100A1A93E /* PayButtonDelegate.swift */ = {isa = PBXFileReference; lastKnownFileType = sourcecode.swift; path = PayButtonDelegate.swift; sourceTree = "<group>"; };
		67473C0527C4CA0800A1A93E /* TicketViewController.swift */ = {isa = PBXFileReference; lastKnownFileType = sourcecode.swift; path = TicketViewController.swift; sourceTree = "<group>"; };
		676FC37E27C60A5F0095D47C /* AddCardViewController.swift */ = {isa = PBXFileReference; lastKnownFileType = sourcecode.swift; path = AddCardViewController.swift; sourceTree = "<group>"; };
		67BBFE7C27C6750C008AC163 /* ChooseDateTimeViewController.swift */ = {isa = PBXFileReference; lastKnownFileType = sourcecode.swift; path = ChooseDateTimeViewController.swift; sourceTree = "<group>"; };
		67BBFE7E27C683F0008AC163 /* cvACollectionViewCell.swift */ = {isa = PBXFileReference; lastKnownFileType = sourcecode.swift; path = cvACollectionViewCell.swift; sourceTree = "<group>"; };
		67BBFE7F27C683F0008AC163 /* cvACollectionViewCell.xib */ = {isa = PBXFileReference; lastKnownFileType = file.xib; path = cvACollectionViewCell.xib; sourceTree = "<group>"; };
		67BBFE8227C68403008AC163 /* cvBCDCollectionViewCell.swift */ = {isa = PBXFileReference; lastKnownFileType = sourcecode.swift; path = cvBCDCollectionViewCell.swift; sourceTree = "<group>"; };
		67BBFE8327C68403008AC163 /* cvBCDCollectionViewCell.xib */ = {isa = PBXFileReference; lastKnownFileType = file.xib; path = cvBCDCollectionViewCell.xib; sourceTree = "<group>"; };
		67BBFE8827C69CDB008AC163 /* movieSliderCollectionViewCell.swift */ = {isa = PBXFileReference; lastKnownFileType = sourcecode.swift; path = movieSliderCollectionViewCell.swift; sourceTree = "<group>"; };
		67BBFE8927C69CDB008AC163 /* movieSliderCollectionViewCell.xib */ = {isa = PBXFileReference; lastKnownFileType = file.xib; path = movieSliderCollectionViewCell.xib; sourceTree = "<group>"; };
		67CD29DE2807121700493FA4 /* LoginWithEmailStruct.swift */ = {isa = PBXFileReference; lastKnownFileType = sourcecode.swift; path = LoginWithEmailStruct.swift; sourceTree = "<group>"; };
		67CD29E0280712C000493FA4 /* structHelpers.swift */ = {isa = PBXFileReference; lastKnownFileType = sourcecode.swift; path = structHelpers.swift; sourceTree = "<group>"; };
		67CD29E32807130800493FA4 /* NetworkAgent.swift */ = {isa = PBXFileReference; lastKnownFileType = sourcecode.swift; path = NetworkAgent.swift; sourceTree = "<group>"; };
		67DE5BDB27C7699F00367849 /* seatVO.swift */ = {isa = PBXFileReference; lastKnownFileType = sourcecode.swift; path = seatVO.swift; sourceTree = "<group>"; };
		67DE5BDE27C76A6A00367849 /* SeatType.swift */ = {isa = PBXFileReference; lastKnownFileType = sourcecode.swift; path = SeatType.swift; sourceTree = "<group>"; };
		67DE5BE127C7718200367849 /* dummySeatDataList.swift */ = {isa = PBXFileReference; lastKnownFileType = sourcecode.swift; path = dummySeatDataList.swift; sourceTree = "<group>"; };
		67DE5BE327C78EEC00367849 /* SeatViewController.swift */ = {isa = PBXFileReference; lastKnownFileType = sourcecode.swift; path = SeatViewController.swift; sourceTree = "<group>"; };
		67DE5BE527C79F4700367849 /* SeatCollectionViewCell.swift */ = {isa = PBXFileReference; lastKnownFileType = sourcecode.swift; path = SeatCollectionViewCell.swift; sourceTree = "<group>"; };
		67DE5BE627C79F4700367849 /* SeatCollectionViewCell.xib */ = {isa = PBXFileReference; lastKnownFileType = file.xib; path = SeatCollectionViewCell.xib; sourceTree = "<group>"; };
		67F4CA3328116B5A00E464FE /* CurrentShowingStruct.swift */ = {isa = PBXFileReference; lastKnownFileType = sourcecode.swift; path = CurrentShowingStruct.swift; sourceTree = "<group>"; };
		67FE7C0E27C8AED000A13524 /* RatingControl.swift */ = {isa = PBXFileReference; lastKnownFileType = sourcecode.swift; path = RatingControl.swift; sourceTree = "<group>"; };
		7DB23AB0C46FF26C1A7347AD /* Pods_movieBookingApp.framework */ = {isa = PBXFileReference; explicitFileType = wrapper.framework; includeInIndex = 0; path = Pods_movieBookingApp.framework; sourceTree = BUILT_PRODUCTS_DIR; };
		81187803D74D125B71458A63 /* Pods-movieBookingApp.release.xcconfig */ = {isa = PBXFileReference; includeInIndex = 1; lastKnownFileType = text.xcconfig; name = "Pods-movieBookingApp.release.xcconfig"; path = "Target Support Files/Pods-movieBookingApp/Pods-movieBookingApp.release.xcconfig"; sourceTree = "<group>"; };
/* End PBXFileReference section */

/* Begin PBXFrameworksBuildPhase section */
		6702E20B27C35FCF005AF1E9 /* Frameworks */ = {
			isa = PBXFrameworksBuildPhase;
			buildActionMask = 2147483647;
			files = (
				0D9966390C66EF1860549F8A /* Pods_movieBookingApp.framework in Frameworks */,
			);
			runOnlyForDeploymentPostprocessing = 0;
		};
/* End PBXFrameworksBuildPhase section */

/* Begin PBXGroup section */
		6702E20527C35FCF005AF1E9 = {
			isa = PBXGroup;
			children = (
				6702E21027C35FCF005AF1E9 /* movieBookingApp */,
				6702E20F27C35FCF005AF1E9 /* Products */,
				BDB26F9AE78BA5DF9013D0A0 /* Pods */,
				E36C16A5308E25A5F5601E82 /* Frameworks */,
			);
			sourceTree = "<group>";
		};
		6702E20F27C35FCF005AF1E9 /* Products */ = {
			isa = PBXGroup;
			children = (
				6702E20E27C35FCF005AF1E9 /* movieBookingApp.app */,
			);
			name = Products;
			sourceTree = "<group>";
		};
		6702E21027C35FCF005AF1E9 /* movieBookingApp */ = {
			isa = PBXGroup;
			children = (
				67CD29E2280712F200493FA4 /* Networking */,
				67CD29DD280711DF00493FA4 /* VOs */,
				67FE7C0D27C8AEA700A13524 /* components */,
				67DE5BE027C7713900367849 /* dummyData */,
				67DE5BDD27C76A5500367849 /* utils */,
				67DE5BD927C7694E00367849 /* data */,
				6702E23227C36E92005AF1E9 /* extensions */,
				6702E22927C36075005AF1E9 /* cells */,
				6702E22827C36066005AF1E9 /* resources */,
				6702E22727C36035005AF1E9 /* storyBoards */,
				6702E22627C3601D005AF1E9 /* delegates */,
				6702E22527C35FFC005AF1E9 /* viewControllers */,
				6702E21F27C35FD3005AF1E9 /* Info.plist */,
			);
			path = movieBookingApp;
			sourceTree = "<group>";
		};
		6702E22527C35FFC005AF1E9 /* viewControllers */ = {
			isa = PBXGroup;
			children = (
				6702E21527C35FCF005AF1E9 /* ViewController.swift */,
				6702E23027C36896005AF1E9 /* LogInViewController.swift */,
				6741C07527C42C2500301F82 /* MainScreenViewController.swift */,
				6702E23927C3D5D5005AF1E9 /* MovieViewController.swift */,
				67BBFE7C27C6750C008AC163 /* ChooseDateTimeViewController.swift */,
				67DE5BE327C78EEC00367849 /* SeatViewController.swift */,
				6702E23B27C3F270005AF1E9 /* PromoViewController.swift */,
				67473C0027C4C42300A1A93E /* ChooseCardViewController.swift */,
				676FC37E27C60A5F0095D47C /* AddCardViewController.swift */,
				67473C0527C4CA0800A1A93E /* TicketViewController.swift */,
			);
			path = viewControllers;
			sourceTree = "<group>";
		};
		6702E22627C3601D005AF1E9 /* delegates */ = {
			isa = PBXGroup;
			children = (
				67473C0227C4C57300A1A93E /* protocols */,
				6702E21127C35FCF005AF1E9 /* AppDelegate.swift */,
				6702E21327C35FCF005AF1E9 /* SceneDelegate.swift */,
			);
			path = delegates;
			sourceTree = "<group>";
		};
		6702E22727C36035005AF1E9 /* storyBoards */ = {
			isa = PBXGroup;
			children = (
				6702E21727C35FCF005AF1E9 /* Main.storyboard */,
				6702E21C27C35FD3005AF1E9 /* LaunchScreen.storyboard */,
			);
			path = storyBoards;
			sourceTree = "<group>";
		};
		6702E22827C36066005AF1E9 /* resources */ = {
			isa = PBXGroup;
			children = (
				6702E21A27C35FD3005AF1E9 /* Assets.xcassets */,
			);
			path = resources;
			sourceTree = "<group>";
		};
		6702E22927C36075005AF1E9 /* cells */ = {
			isa = PBXGroup;
			children = (
				6702E22B27C36085005AF1E9 /* collectionViewCells */,
				6702E22A27C3607C005AF1E9 /* tableViewCells */,
			);
			path = cells;
			sourceTree = "<group>";
		};
		6702E22A27C3607C005AF1E9 /* tableViewCells */ = {
			isa = PBXGroup;
			children = (
				6702E22D27C3609F005AF1E9 /* xibs */,
				6702E22C27C36096005AF1E9 /* swifts */,
			);
			path = tableViewCells;
			sourceTree = "<group>";
		};
		6702E22B27C36085005AF1E9 /* collectionViewCells */ = {
			isa = PBXGroup;
			children = (
				6702E22F27C360B1005AF1E9 /* xibs */,
				6702E22E27C360A9005AF1E9 /* swifts */,
			);
			path = collectionViewCells;
			sourceTree = "<group>";
		};
		6702E22C27C36096005AF1E9 /* swifts */ = {
			isa = PBXGroup;
			children = (
				6727B65027CD2C5200EB5553 /* firstTableViewCell.swift */,
				67473BFC27C4C09B00A1A93E /* payBtnTableViewCell.swift */,
				67473BF827C4BC3C00A1A93E /* secondTableViewCell.swift */,
				6702E24927C40AB5005AF1E9 /* enterPromoTableViewCell.swift */,
				6702E24527C40509005AF1E9 /* paymethodTableViewCell.swift */,
				6702E24127C3FA4A005AF1E9 /* ComboTableViewCell.swift */,
			);
			path = swifts;
			sourceTree = "<group>";
		};
		6702E22D27C3609F005AF1E9 /* xibs */ = {
			isa = PBXGroup;
			children = (
				67473BFD27C4C09B00A1A93E /* payBtnTableViewCell.xib */,
				67473BF927C4BC3C00A1A93E /* secondTableViewCell.xib */,
				6727B65127CD2C5200EB5553 /* firstTableViewCell.xib */,
				6702E24A27C40AB5005AF1E9 /* enterPromoTableViewCell.xib */,
				6702E24627C4050A005AF1E9 /* paymethodTableViewCell.xib */,
				6702E24227C3FA4A005AF1E9 /* ComboTableViewCell.xib */,
			);
			path = xibs;
			sourceTree = "<group>";
		};
		6702E22E27C360A9005AF1E9 /* swifts */ = {
			isa = PBXGroup;
			children = (
				672025AB27C7E2D2002C417E /* CardCollectionViewCell.swift */,
				67DE5BE527C79F4700367849 /* SeatCollectionViewCell.swift */,
				67BBFE8827C69CDB008AC163 /* movieSliderCollectionViewCell.swift */,
				67BBFE8227C68403008AC163 /* cvBCDCollectionViewCell.swift */,
				67BBFE7E27C683F0008AC163 /* cvACollectionViewCell.swift */,
				6702E23D27C3F4E0005AF1E9 /* CastCollectionViewCell.swift */,
			);
			path = swifts;
			sourceTree = "<group>";
		};
		6702E22F27C360B1005AF1E9 /* xibs */ = {
			isa = PBXGroup;
			children = (
				672025AC27C7E2D2002C417E /* CardCollectionViewCell.xib */,
				67DE5BE627C79F4700367849 /* SeatCollectionViewCell.xib */,
				67BBFE8927C69CDB008AC163 /* movieSliderCollectionViewCell.xib */,
				67BBFE8327C68403008AC163 /* cvBCDCollectionViewCell.xib */,
				67BBFE7F27C683F0008AC163 /* cvACollectionViewCell.xib */,
				6702E23E27C3F4E0005AF1E9 /* CastCollectionViewCell.xib */,
			);
			path = xibs;
			sourceTree = "<group>";
		};
		6702E23227C36E92005AF1E9 /* extensions */ = {
			isa = PBXGroup;
			children = (
				6702E23327C36EAF005AF1E9 /* extensions.swift */,
			);
			path = extensions;
			sourceTree = "<group>";
		};
		67473C0227C4C57300A1A93E /* protocols */ = {
			isa = PBXGroup;
			children = (
				67473C0327C4C58100A1A93E /* PayButtonDelegate.swift */,
			);
			path = protocols;
			sourceTree = "<group>";
		};
		67CD29DD280711DF00493FA4 /* VOs */ = {
			isa = PBXGroup;
			children = (
				67CD29DE2807121700493FA4 /* LoginWithEmailStruct.swift */,
				67CD29E0280712C000493FA4 /* structHelpers.swift */,
				6701C88E28072C93008847E6 /* RegisterWithEmailStruct.swift */,
				67F4CA3328116B5A00E464FE /* CurrentShowingStruct.swift */,
			);
			path = VOs;
			sourceTree = "<group>";
		};
		67CD29E2280712F200493FA4 /* Networking */ = {
			isa = PBXGroup;
			children = (
				67CD29E32807130800493FA4 /* NetworkAgent.swift */,
				67079606280717B000555588 /* EndPoints.swift */,
				670796082807180700555588 /* constants.swift */,
			);
			path = Networking;
			sourceTree = "<group>";
		};
		67DE5BD927C7694E00367849 /* data */ = {
			isa = PBXGroup;
			children = (
				67DE5BDA27C7695F00367849 /* vos */,
			);
			path = data;
			sourceTree = "<group>";
		};
		67DE5BDA27C7695F00367849 /* vos */ = {
			isa = PBXGroup;
			children = (
				67DE5BDB27C7699F00367849 /* seatVO.swift */,
			);
			path = vos;
			sourceTree = "<group>";
		};
		67DE5BDD27C76A5500367849 /* utils */ = {
			isa = PBXGroup;
			children = (
				67DE5BDE27C76A6A00367849 /* SeatType.swift */,
			);
			path = utils;
			sourceTree = "<group>";
		};
		67DE5BE027C7713900367849 /* dummyData */ = {
			isa = PBXGroup;
			children = (
				67DE5BE127C7718200367849 /* dummySeatDataList.swift */,
			);
			path = dummyData;
			sourceTree = "<group>";
		};
		67FE7C0D27C8AEA700A13524 /* components */ = {
			isa = PBXGroup;
			children = (
				67FE7C0E27C8AED000A13524 /* RatingControl.swift */,
			);
			path = components;
			sourceTree = "<group>";
		};
		BDB26F9AE78BA5DF9013D0A0 /* Pods */ = {
			isa = PBXGroup;
			children = (
				6738D65109DE7AB415E8AE18 /* Pods-movieBookingApp.debug.xcconfig */,
				81187803D74D125B71458A63 /* Pods-movieBookingApp.release.xcconfig */,
			);
			path = Pods;
			sourceTree = "<group>";
		};
		E36C16A5308E25A5F5601E82 /* Frameworks */ = {
			isa = PBXGroup;
			children = (
				7DB23AB0C46FF26C1A7347AD /* Pods_movieBookingApp.framework */,
			);
			name = Frameworks;
			sourceTree = "<group>";
		};
/* End PBXGroup section */

/* Begin PBXNativeTarget section */
		6702E20D27C35FCF005AF1E9 /* movieBookingApp */ = {
			isa = PBXNativeTarget;
			buildConfigurationList = 6702E22227C35FD3005AF1E9 /* Build configuration list for PBXNativeTarget "movieBookingApp" */;
			buildPhases = (
				855C7DA68109FFBA08B84ADF /* [CP] Check Pods Manifest.lock */,
				6702E20A27C35FCF005AF1E9 /* Sources */,
				6702E20B27C35FCF005AF1E9 /* Frameworks */,
				6702E20C27C35FCF005AF1E9 /* Resources */,
				A680526ACCAFF8E8E654794D /* [CP] Embed Pods Frameworks */,
			);
			buildRules = (
			);
			dependencies = (
			);
			name = movieBookingApp;
			productName = movieBookingApp;
			productReference = 6702E20E27C35FCF005AF1E9 /* movieBookingApp.app */;
			productType = "com.apple.product-type.application";
		};
/* End PBXNativeTarget section */

/* Begin PBXProject section */
		6702E20627C35FCF005AF1E9 /* Project object */ = {
			isa = PBXProject;
			attributes = {
				BuildIndependentTargetsInParallel = 1;
				LastSwiftUpdateCheck = 1320;
				LastUpgradeCheck = 1320;
				TargetAttributes = {
					6702E20D27C35FCF005AF1E9 = {
						CreatedOnToolsVersion = 13.2.1;
					};
				};
			};
			buildConfigurationList = 6702E20927C35FCF005AF1E9 /* Build configuration list for PBXProject "movieBookingApp" */;
			compatibilityVersion = "Xcode 13.0";
			developmentRegion = en;
			hasScannedForEncodings = 0;
			knownRegions = (
				en,
				Base,
			);
			mainGroup = 6702E20527C35FCF005AF1E9;
			productRefGroup = 6702E20F27C35FCF005AF1E9 /* Products */;
			projectDirPath = "";
			projectRoot = "";
			targets = (
				6702E20D27C35FCF005AF1E9 /* movieBookingApp */,
			);
		};
/* End PBXProject section */

/* Begin PBXResourcesBuildPhase section */
		6702E20C27C35FCF005AF1E9 /* Resources */ = {
			isa = PBXResourcesBuildPhase;
			buildActionMask = 2147483647;
			files = (
				6702E24C27C40AB6005AF1E9 /* enterPromoTableViewCell.xib in Resources */,
				672025AE27C7E2D2002C417E /* CardCollectionViewCell.xib in Resources */,
				67DE5BE827C79F4700367849 /* SeatCollectionViewCell.xib in Resources */,
				67BBFE8527C68403008AC163 /* cvBCDCollectionViewCell.xib in Resources */,
				6702E21E27C35FD3005AF1E9 /* LaunchScreen.storyboard in Resources */,
				67473BFB27C4BC3C00A1A93E /* secondTableViewCell.xib in Resources */,
				67473BFF27C4C09B00A1A93E /* payBtnTableViewCell.xib in Resources */,
				67BBFE8127C683F0008AC163 /* cvACollectionViewCell.xib in Resources */,
				6702E24027C3F4E0005AF1E9 /* CastCollectionViewCell.xib in Resources */,
				6702E21B27C35FD3005AF1E9 /* Assets.xcassets in Resources */,
				6702E24827C4050A005AF1E9 /* paymethodTableViewCell.xib in Resources */,
				67BBFE8B27C69CDB008AC163 /* movieSliderCollectionViewCell.xib in Resources */,
				6702E21927C35FCF005AF1E9 /* Main.storyboard in Resources */,
				6702E24427C3FA4A005AF1E9 /* ComboTableViewCell.xib in Resources */,
				6727B65327CD2C5200EB5553 /* firstTableViewCell.xib in Resources */,
			);
			runOnlyForDeploymentPostprocessing = 0;
		};
/* End PBXResourcesBuildPhase section */

/* Begin PBXShellScriptBuildPhase section */
		855C7DA68109FFBA08B84ADF /* [CP] Check Pods Manifest.lock */ = {
			isa = PBXShellScriptBuildPhase;
			buildActionMask = 2147483647;
			files = (
			);
			inputFileListPaths = (
			);
			inputPaths = (
				"${PODS_PODFILE_DIR_PATH}/Podfile.lock",
				"${PODS_ROOT}/Manifest.lock",
			);
			name = "[CP] Check Pods Manifest.lock";
			outputFileListPaths = (
			);
			outputPaths = (
				"$(DERIVED_FILE_DIR)/Pods-movieBookingApp-checkManifestLockResult.txt",
			);
			runOnlyForDeploymentPostprocessing = 0;
			shellPath = /bin/sh;
			shellScript = "diff \"${PODS_PODFILE_DIR_PATH}/Podfile.lock\" \"${PODS_ROOT}/Manifest.lock\" > /dev/null\nif [ $? != 0 ] ; then\n    # print error to STDERR\n    echo \"error: The sandbox is not in sync with the Podfile.lock. Run 'pod install' or update your CocoaPods installation.\" >&2\n    exit 1\nfi\n# This output is used by Xcode 'outputs' to avoid re-running this script phase.\necho \"SUCCESS\" > \"${SCRIPT_OUTPUT_FILE_0}\"\n";
			showEnvVarsInLog = 0;
		};
		A680526ACCAFF8E8E654794D /* [CP] Embed Pods Frameworks */ = {
			isa = PBXShellScriptBuildPhase;
			buildActionMask = 2147483647;
			files = (
			);
			inputFileListPaths = (
				"${PODS_ROOT}/Target Support Files/Pods-movieBookingApp/Pods-movieBookingApp-frameworks-${CONFIGURATION}-input-files.xcfilelist",
			);
			name = "[CP] Embed Pods Frameworks";
			outputFileListPaths = (
				"${PODS_ROOT}/Target Support Files/Pods-movieBookingApp/Pods-movieBookingApp-frameworks-${CONFIGURATION}-output-files.xcfilelist",
			);
			runOnlyForDeploymentPostprocessing = 0;
			shellPath = /bin/sh;
			shellScript = "\"${PODS_ROOT}/Target Support Files/Pods-movieBookingApp/Pods-movieBookingApp-frameworks.sh\"\n";
			showEnvVarsInLog = 0;
		};
/* End PBXShellScriptBuildPhase section */

/* Begin PBXSourcesBuildPhase section */
		6702E20A27C35FCF005AF1E9 /* Sources */ = {
			isa = PBXSourcesBuildPhase;
			buildActionMask = 2147483647;
			files = (
				67DE5BE427C78EEC00367849 /* SeatViewController.swift in Sources */,
				6702E23427C36EAF005AF1E9 /* extensions.swift in Sources */,
				6702E23F27C3F4E0005AF1E9 /* CastCollectionViewCell.swift in Sources */,
				670796092807180700555588 /* constants.swift in Sources */,
				67BBFE8027C683F0008AC163 /* cvACollectionViewCell.swift in Sources */,
				6702E24B27C40AB6005AF1E9 /* enterPromoTableViewCell.swift in Sources */,
				67CD29E42807130800493FA4 /* NetworkAgent.swift in Sources */,
				67473C0127C4C42400A1A93E /* ChooseCardViewController.swift in Sources */,
				6702E23127C36896005AF1E9 /* LogInViewController.swift in Sources */,
				6702E21627C35FCF005AF1E9 /* ViewController.swift in Sources */,
				67DE5BDF27C76A6A00367849 /* SeatType.swift in Sources */,
				67079607280717B000555588 /* EndPoints.swift in Sources */,
				67473BFA27C4BC3C00A1A93E /* secondTableViewCell.swift in Sources */,
				67BBFE8A27C69CDB008AC163 /* movieSliderCollectionViewCell.swift in Sources */,
				6741C07627C42C2500301F82 /* MainScreenViewController.swift in Sources */,
				67BBFE8427C68403008AC163 /* cvBCDCollectionViewCell.swift in Sources */,
				67473C0627C4CA0900A1A93E /* TicketViewController.swift in Sources */,
				6702E23C27C3F270005AF1E9 /* PromoViewController.swift in Sources */,
				67DE5BE727C79F4700367849 /* SeatCollectionViewCell.swift in Sources */,
				676FC37F27C60A5F0095D47C /* AddCardViewController.swift in Sources */,
				67473BFE27C4C09B00A1A93E /* payBtnTableViewCell.swift in Sources */,
				6702E24727C4050A005AF1E9 /* paymethodTableViewCell.swift in Sources */,
				6701C88F28072C93008847E6 /* RegisterWithEmailStruct.swift in Sources */,
				672025AD27C7E2D2002C417E /* CardCollectionViewCell.swift in Sources */,
				67CD29DF2807121700493FA4 /* LoginWithEmailStruct.swift in Sources */,
				6727B65227CD2C5200EB5553 /* firstTableViewCell.swift in Sources */,
				67DE5BE227C7718200367849 /* dummySeatDataList.swift in Sources */,
				67473C0427C4C58100A1A93E /* PayButtonDelegate.swift in Sources */,
				67DE5BDC27C7699F00367849 /* seatVO.swift in Sources */,
				67F4CA3428116B5A00E464FE /* CurrentShowingStruct.swift in Sources */,
				6702E21227C35FCF005AF1E9 /* AppDelegate.swift in Sources */,
				6702E21427C35FCF005AF1E9 /* SceneDelegate.swift in Sources */,
				6702E23A27C3D5D5005AF1E9 /* MovieViewController.swift in Sources */,
				67BBFE7D27C6750C008AC163 /* ChooseDateTimeViewController.swift in Sources */,
				67CD29E1280712C000493FA4 /* structHelpers.swift in Sources */,
				67FE7C0F27C8AED000A13524 /* RatingControl.swift in Sources */,
				6702E24327C3FA4A005AF1E9 /* ComboTableViewCell.swift in Sources */,
			);
			runOnlyForDeploymentPostprocessing = 0;
		};
/* End PBXSourcesBuildPhase section */

/* Begin PBXVariantGroup section */
		6702E21727C35FCF005AF1E9 /* Main.storyboard */ = {
			isa = PBXVariantGroup;
			children = (
				6702E21827C35FCF005AF1E9 /* Base */,
			);
			name = Main.storyboard;
			sourceTree = "<group>";
		};
		6702E21C27C35FD3005AF1E9 /* LaunchScreen.storyboard */ = {
			isa = PBXVariantGroup;
			children = (
				6702E21D27C35FD3005AF1E9 /* Base */,
			);
			name = LaunchScreen.storyboard;
			sourceTree = "<group>";
		};
/* End PBXVariantGroup section */

/* Begin XCBuildConfiguration section */
		6702E22027C35FD3005AF1E9 /* Debug */ = {
			isa = XCBuildConfiguration;
			buildSettings = {
				ALWAYS_SEARCH_USER_PATHS = NO;
				CLANG_ANALYZER_NONNULL = YES;
				CLANG_ANALYZER_NUMBER_OBJECT_CONVERSION = YES_AGGRESSIVE;
				CLANG_CXX_LANGUAGE_STANDARD = "gnu++17";
				CLANG_CXX_LIBRARY = "libc++";
				CLANG_ENABLE_MODULES = YES;
				CLANG_ENABLE_OBJC_ARC = YES;
				CLANG_ENABLE_OBJC_WEAK = YES;
				CLANG_WARN_BLOCK_CAPTURE_AUTORELEASING = YES;
				CLANG_WARN_BOOL_CONVERSION = YES;
				CLANG_WARN_COMMA = YES;
				CLANG_WARN_CONSTANT_CONVERSION = YES;
				CLANG_WARN_DEPRECATED_OBJC_IMPLEMENTATIONS = YES;
				CLANG_WARN_DIRECT_OBJC_ISA_USAGE = YES_ERROR;
				CLANG_WARN_DOCUMENTATION_COMMENTS = YES;
				CLANG_WARN_EMPTY_BODY = YES;
				CLANG_WARN_ENUM_CONVERSION = YES;
				CLANG_WARN_INFINITE_RECURSION = YES;
				CLANG_WARN_INT_CONVERSION = YES;
				CLANG_WARN_NON_LITERAL_NULL_CONVERSION = YES;
				CLANG_WARN_OBJC_IMPLICIT_RETAIN_SELF = YES;
				CLANG_WARN_OBJC_LITERAL_CONVERSION = YES;
				CLANG_WARN_OBJC_ROOT_CLASS = YES_ERROR;
				CLANG_WARN_QUOTED_INCLUDE_IN_FRAMEWORK_HEADER = YES;
				CLANG_WARN_RANGE_LOOP_ANALYSIS = YES;
				CLANG_WARN_STRICT_PROTOTYPES = YES;
				CLANG_WARN_SUSPICIOUS_MOVE = YES;
				CLANG_WARN_UNGUARDED_AVAILABILITY = YES_AGGRESSIVE;
				CLANG_WARN_UNREACHABLE_CODE = YES;
				CLANG_WARN__DUPLICATE_METHOD_MATCH = YES;
				COPY_PHASE_STRIP = NO;
				DEBUG_INFORMATION_FORMAT = dwarf;
				ENABLE_STRICT_OBJC_MSGSEND = YES;
				ENABLE_TESTABILITY = YES;
				GCC_C_LANGUAGE_STANDARD = gnu11;
				GCC_DYNAMIC_NO_PIC = NO;
				GCC_NO_COMMON_BLOCKS = YES;
				GCC_OPTIMIZATION_LEVEL = 0;
				GCC_PREPROCESSOR_DEFINITIONS = (
					"DEBUG=1",
					"$(inherited)",
				);
				GCC_WARN_64_TO_32_BIT_CONVERSION = YES;
				GCC_WARN_ABOUT_RETURN_TYPE = YES_ERROR;
				GCC_WARN_UNDECLARED_SELECTOR = YES;
				GCC_WARN_UNINITIALIZED_AUTOS = YES_AGGRESSIVE;
				GCC_WARN_UNUSED_FUNCTION = YES;
				GCC_WARN_UNUSED_VARIABLE = YES;
				IPHONEOS_DEPLOYMENT_TARGET = 15.2;
				MTL_ENABLE_DEBUG_INFO = INCLUDE_SOURCE;
				MTL_FAST_MATH = YES;
				ONLY_ACTIVE_ARCH = YES;
				SDKROOT = iphoneos;
				SWIFT_ACTIVE_COMPILATION_CONDITIONS = DEBUG;
				SWIFT_OPTIMIZATION_LEVEL = "-Onone";
			};
			name = Debug;
		};
		6702E22127C35FD3005AF1E9 /* Release */ = {
			isa = XCBuildConfiguration;
			buildSettings = {
				ALWAYS_SEARCH_USER_PATHS = NO;
				CLANG_ANALYZER_NONNULL = YES;
				CLANG_ANALYZER_NUMBER_OBJECT_CONVERSION = YES_AGGRESSIVE;
				CLANG_CXX_LANGUAGE_STANDARD = "gnu++17";
				CLANG_CXX_LIBRARY = "libc++";
				CLANG_ENABLE_MODULES = YES;
				CLANG_ENABLE_OBJC_ARC = YES;
				CLANG_ENABLE_OBJC_WEAK = YES;
				CLANG_WARN_BLOCK_CAPTURE_AUTORELEASING = YES;
				CLANG_WARN_BOOL_CONVERSION = YES;
				CLANG_WARN_COMMA = YES;
				CLANG_WARN_CONSTANT_CONVERSION = YES;
				CLANG_WARN_DEPRECATED_OBJC_IMPLEMENTATIONS = YES;
				CLANG_WARN_DIRECT_OBJC_ISA_USAGE = YES_ERROR;
				CLANG_WARN_DOCUMENTATION_COMMENTS = YES;
				CLANG_WARN_EMPTY_BODY = YES;
				CLANG_WARN_ENUM_CONVERSION = YES;
				CLANG_WARN_INFINITE_RECURSION = YES;
				CLANG_WARN_INT_CONVERSION = YES;
				CLANG_WARN_NON_LITERAL_NULL_CONVERSION = YES;
				CLANG_WARN_OBJC_IMPLICIT_RETAIN_SELF = YES;
				CLANG_WARN_OBJC_LITERAL_CONVERSION = YES;
				CLANG_WARN_OBJC_ROOT_CLASS = YES_ERROR;
				CLANG_WARN_QUOTED_INCLUDE_IN_FRAMEWORK_HEADER = YES;
				CLANG_WARN_RANGE_LOOP_ANALYSIS = YES;
				CLANG_WARN_STRICT_PROTOTYPES = YES;
				CLANG_WARN_SUSPICIOUS_MOVE = YES;
				CLANG_WARN_UNGUARDED_AVAILABILITY = YES_AGGRESSIVE;
				CLANG_WARN_UNREACHABLE_CODE = YES;
				CLANG_WARN__DUPLICATE_METHOD_MATCH = YES;
				COPY_PHASE_STRIP = NO;
				DEBUG_INFORMATION_FORMAT = "dwarf-with-dsym";
				ENABLE_NS_ASSERTIONS = NO;
				ENABLE_STRICT_OBJC_MSGSEND = YES;
				GCC_C_LANGUAGE_STANDARD = gnu11;
				GCC_NO_COMMON_BLOCKS = YES;
				GCC_WARN_64_TO_32_BIT_CONVERSION = YES;
				GCC_WARN_ABOUT_RETURN_TYPE = YES_ERROR;
				GCC_WARN_UNDECLARED_SELECTOR = YES;
				GCC_WARN_UNINITIALIZED_AUTOS = YES_AGGRESSIVE;
				GCC_WARN_UNUSED_FUNCTION = YES;
				GCC_WARN_UNUSED_VARIABLE = YES;
				IPHONEOS_DEPLOYMENT_TARGET = 15.2;
				MTL_ENABLE_DEBUG_INFO = NO;
				MTL_FAST_MATH = YES;
				SDKROOT = iphoneos;
				SWIFT_COMPILATION_MODE = wholemodule;
				SWIFT_OPTIMIZATION_LEVEL = "-O";
				VALIDATE_PRODUCT = YES;
			};
			name = Release;
		};
		6702E22327C35FD3005AF1E9 /* Debug */ = {
			isa = XCBuildConfiguration;
			baseConfigurationReference = 6738D65109DE7AB415E8AE18 /* Pods-movieBookingApp.debug.xcconfig */;
			buildSettings = {
				ASSETCATALOG_COMPILER_APPICON_NAME = AppIcon;
				ASSETCATALOG_COMPILER_GLOBAL_ACCENT_COLOR_NAME = AccentColor;
				CODE_SIGN_STYLE = Automatic;
				CURRENT_PROJECT_VERSION = 1;
				DEVELOPMENT_TEAM = V8N58NWMY2;
				GENERATE_INFOPLIST_FILE = YES;
				INFOPLIST_FILE = movieBookingApp/Info.plist;
				INFOPLIST_KEY_UIApplicationSupportsIndirectInputEvents = YES;
				INFOPLIST_KEY_UILaunchStoryboardName = LaunchScreen;
				INFOPLIST_KEY_UIMainStoryboardFile = Main;
				INFOPLIST_KEY_UISupportedInterfaceOrientations_iPad = "UIInterfaceOrientationPortrait UIInterfaceOrientationPortraitUpsideDown UIInterfaceOrientationLandscapeLeft UIInterfaceOrientationLandscapeRight";
				INFOPLIST_KEY_UISupportedInterfaceOrientations_iPhone = "UIInterfaceOrientationPortrait UIInterfaceOrientationLandscapeLeft UIInterfaceOrientationLandscapeRight";
				IPHONEOS_DEPLOYMENT_TARGET = 13.0;
				LD_RUNPATH_SEARCH_PATHS = (
					"$(inherited)",
					"@executable_path/Frameworks",
				);
				MARKETING_VERSION = 1.0;
				PRODUCT_BUNDLE_IDENTIFIER = co.pcent.movieBookingApp;
				PRODUCT_NAME = "$(TARGET_NAME)";
				SWIFT_EMIT_LOC_STRINGS = YES;
				SWIFT_VERSION = 5.0;
				TARGETED_DEVICE_FAMILY = 1;
			};
			name = Debug;
		};
		6702E22427C35FD3005AF1E9 /* Release */ = {
			isa = XCBuildConfiguration;
			baseConfigurationReference = 81187803D74D125B71458A63 /* Pods-movieBookingApp.release.xcconfig */;
			buildSettings = {
				ASSETCATALOG_COMPILER_APPICON_NAME = AppIcon;
				ASSETCATALOG_COMPILER_GLOBAL_ACCENT_COLOR_NAME = AccentColor;
				CODE_SIGN_STYLE = Automatic;
				CURRENT_PROJECT_VERSION = 1;
				DEVELOPMENT_TEAM = V8N58NWMY2;
				GENERATE_INFOPLIST_FILE = YES;
				INFOPLIST_FILE = movieBookingApp/Info.plist;
				INFOPLIST_KEY_UIApplicationSupportsIndirectInputEvents = YES;
				INFOPLIST_KEY_UILaunchStoryboardName = LaunchScreen;
				INFOPLIST_KEY_UIMainStoryboardFile = Main;
				INFOPLIST_KEY_UISupportedInterfaceOrientations_iPad = "UIInterfaceOrientationPortrait UIInterfaceOrientationPortraitUpsideDown UIInterfaceOrientationLandscapeLeft UIInterfaceOrientationLandscapeRight";
				INFOPLIST_KEY_UISupportedInterfaceOrientations_iPhone = "UIInterfaceOrientationPortrait UIInterfaceOrientationLandscapeLeft UIInterfaceOrientationLandscapeRight";
				IPHONEOS_DEPLOYMENT_TARGET = 13.0;
				LD_RUNPATH_SEARCH_PATHS = (
					"$(inherited)",
					"@executable_path/Frameworks",
				);
				MARKETING_VERSION = 1.0;
				PRODUCT_BUNDLE_IDENTIFIER = co.pcent.movieBookingApp;
				PRODUCT_NAME = "$(TARGET_NAME)";
				SWIFT_EMIT_LOC_STRINGS = YES;
				SWIFT_VERSION = 5.0;
				TARGETED_DEVICE_FAMILY = 1;
			};
			name = Release;
		};
/* End XCBuildConfiguration section */

/* Begin XCConfigurationList section */
		6702E20927C35FCF005AF1E9 /* Build configuration list for PBXProject "movieBookingApp" */ = {
			isa = XCConfigurationList;
			buildConfigurations = (
				6702E22027C35FD3005AF1E9 /* Debug */,
				6702E22127C35FD3005AF1E9 /* Release */,
			);
			defaultConfigurationIsVisible = 0;
			defaultConfigurationName = Release;
		};
		6702E22227C35FD3005AF1E9 /* Build configuration list for PBXNativeTarget "movieBookingApp" */ = {
			isa = XCConfigurationList;
			buildConfigurations = (
				6702E22327C35FD3005AF1E9 /* Debug */,
				6702E22427C35FD3005AF1E9 /* Release */,
			);
			defaultConfigurationIsVisible = 0;
			defaultConfigurationName = Release;
		};
/* End XCConfigurationList section */
	};
	rootObject = 6702E20627C35FCF005AF1E9 /* Project object */;
}
